
Microsoft Visual Studio Solution File, Format Version 12.00
Project("{2150E333-8FDC-42A3-9474-1A3956D46DE8}") = "Services", "Services", "{6C0E994A-DC82-4CB1-BAB9-752A400CCE3E}"
EndProject
Project("{2150E333-8FDC-42A3-9474-1A3956D46DE8}") = "Catalog", "Catalog", "{8A519461-54F1-4331-B269-931676DC9071}"
EndProject
Project("{FAE04EC0-301F-11D3-BF4B-00C04F79EFBC}") = "Catalog.API", "Services\Catalog\Catalog.API\Catalog.API.csproj", "{25462FE8-8286-4285-A8B4-081D4B8DBB8A}"
EndProject
Project("{FAE04EC0-301F-11D3-BF4B-00C04F79EFBC}") = "Catalog.Application", "Services\Catalog\Catalog.Application\Catalog.Application.csproj", "{4A1D8DBF-DCE3-4996-A808-A0A8F8BD9800}"
EndProject
Project("{FAE04EC0-301F-11D3-BF4B-00C04F79EFBC}") = "Catalog.Core", "Services\Catalog\Catalog.Core\Catalog.Core.csproj", "{ADC96AE8-0DF9-4A18-B56E-C40012B57604}"
EndProject
Project("{FAE04EC0-301F-11D3-BF4B-00C04F79EFBC}") = "Catalog.Infrastructure", "Services\Catalog\Catalog.Infrastructure\Catalog.Infrastructure.csproj", "{FFE9D7BE-FB90-4A00-8379-9A8183DC2351}"
EndProject
Project("{2150E333-8FDC-42A3-9474-1A3956D46DE8}") = "Solution Items", "Solution Items", "{36FDA805-9A8C-491D-84B3-A2073A8EB645}"
	ProjectSection(SolutionItems) = preProject
		docker-compose.yaml = docker-compose.yaml
		docker-compose.override.yaml = docker-compose.override.yaml
	EndProjectSection
EndProject
Global
	GlobalSection(SolutionConfigurationPlatforms) = preSolution
		Debug|Any CPU = Debug|Any CPU
		Release|Any CPU = Release|Any CPU
	EndGlobalSection
	GlobalSection(NestedProjects) = preSolution
		{8A519461-54F1-4331-B269-931676DC9071} = {6C0E994A-DC82-4CB1-BAB9-752A400CCE3E}
		{25462FE8-8286-4285-A8B4-081D4B8DBB8A} = {8A519461-54F1-4331-B269-931676DC9071}
		{4A1D8DBF-DCE3-4996-A808-A0A8F8BD9800} = {8A519461-54F1-4331-B269-931676DC9071}
		{ADC96AE8-0DF9-4A18-B56E-C40012B57604} = {8A519461-54F1-4331-B269-931676DC9071}
		{FFE9D7BE-FB90-4A00-8379-9A8183DC2351} = {8A519461-54F1-4331-B269-931676DC9071}
	EndGlobalSection
	GlobalSection(ProjectConfigurationPlatforms) = postSolution
		{25462FE8-8286-4285-A8B4-081D4B8DBB8A}.Debug|Any CPU.ActiveCfg = Debug|Any CPU
		{25462FE8-8286-4285-A8B4-081D4B8DBB8A}.Debug|Any CPU.Build.0 = Debug|Any CPU
		{25462FE8-8286-4285-A8B4-081D4B8DBB8A}.Release|Any CPU.ActiveCfg = Release|Any CPU
		{25462FE8-8286-4285-A8B4-081D4B8DBB8A}.Release|Any CPU.Build.0 = Release|Any CPU
		{4A1D8DBF-DCE3-4996-A808-A0A8F8BD9800}.Debug|Any CPU.ActiveCfg = Debug|Any CPU
		{4A1D8DBF-DCE3-4996-A808-A0A8F8BD9800}.Debug|Any CPU.Build.0 = Debug|Any CPU
		{4A1D8DBF-DCE3-4996-A808-A0A8F8BD9800}.Release|Any CPU.ActiveCfg = Release|Any CPU
		{4A1D8DBF-DCE3-4996-A808-A0A8F8BD9800}.Release|Any CPU.Build.0 = Release|Any CPU
		{ADC96AE8-0DF9-4A18-B56E-C40012B57604}.Debug|Any CPU.ActiveCfg = Debug|Any CPU
		{ADC96AE8-0DF9-4A18-B56E-C40012B57604}.Debug|Any CPU.Build.0 = Debug|Any CPU
		{ADC96AE8-0DF9-4A18-B56E-C40012B57604}.Release|Any CPU.ActiveCfg = Release|Any CPU
		{ADC96AE8-0DF9-4A18-B56E-C40012B57604}.Release|Any CPU.Build.0 = Release|Any CPU
		{FFE9D7BE-FB90-4A00-8379-9A8183DC2351}.Debug|Any CPU.ActiveCfg = Debug|Any CPU
		{FFE9D7BE-FB90-4A00-8379-9A8183DC2351}.Debug|Any CPU.Build.0 = Debug|Any CPU
		{FFE9D7BE-FB90-4A00-8379-9A8183DC2351}.Release|Any CPU.ActiveCfg = Release|Any CPU
		{FFE9D7BE-FB90-4A00-8379-9A8183DC2351}.Release|Any CPU.Build.0 = Release|Any CPU
	EndGlobalSection
EndGlobal
